{
  "name": "example",
  "version": "1.0.0",
  "lockfileVersion": 2,
  "requires": true,
  "packages": {
    "": {
      "name": "example",
      "version": "1.0.0",
      "license": "ISC",
      "dependencies": {
        "w3name": "file:../dist/src"
      }
    },
    "..": {
      "name": "w3name",
      "version": "0.1.0",
      "license": "(Apache-2.0 OR MIT)",
      "dependencies": {
        "@web-std/fetch": "^4.1.0",
        "cborg": "^1.9.4",
        "ipns": "^0.16.0",
        "libp2p-crypto": "^0.21.2",
        "throttled-queue": "^2.1.4"
      },
      "devDependencies": {
        "@types/mocha": "^9.1.1",
        "aegir": "^37.3.0"
      }
    },
    "../dist": {},
    "../dist/src": {},
    "node_modules/w3name": {
      "resolved": "../dist/src",
      "link": true
    }
  },
  "dependencies": {
    "w3name": {
      "version": "file:../dist/src"
    }
  }
}
